{
  "version": "4",
  "specifiers": {
    "jsr:@std/cli@*": "1.0.16",
    "jsr:@std/dotenv@*": "0.225.3",
    "jsr:@std/random@*": "0.1.0"
  },
  "jsr": {
    "@std/cli@1.0.16": {
      "integrity": "02df293099c35b9e97d8ca05f57f54bd1ee08134f25d19a4756b3924695f4b00"
    },
    "@std/dotenv@0.225.3": {
      "integrity": "a95e5b812c27b0854c52acbae215856d9cce9d4bbf774d938c51d212711e8d4a"
    },
    "@std/random@0.1.0": {
      "integrity": "70a006be0ffb77d036bab54aa8ae6bd0119ba77ace0f2f56f63273d4262a5667"
    }
  }
}
